
Microsoft Visual Studio Solution File, Format Version 12.00
# Visual Studio Version 16
VisualStudioVersion = 16.0.31402.337
MinimumVisualStudioVersion = 10.0.40219.1
Project("{FAE04EC0-301F-11D3-BF4B-00C04F79EFBC}") = "Prova_Sistemas_Web_Andre_Masson", "Prova_Sistemas_Web_Andre_Masson.csproj", "{7AF31FC1-6983-4CDA-8ABA-262F389FBA1F}"
EndProject
Global
	GlobalSection(SolutionConfigurationPlatforms) = preSolution
		Debug|Any CPU = Debug|Any CPU
		Release|Any CPU = Release|Any CPU
	EndGlobalSection
	GlobalSection(ProjectConfigurationPlatforms) = postSolution
		{7AF31FC1-6983-4CDA-8ABA-262F389FBA1F}.Debug|Any CPU.ActiveCfg = Debug|Any CPU
		{7AF31FC1-6983-4CDA-8ABA-262F389FBA1F}.Debug|Any CPU.Build.0 = Debug|Any CPU
		{7AF31FC1-6983-4CDA-8ABA-262F389FBA1F}.Release|Any CPU.ActiveCfg = Release|Any CPU
		{7AF31FC1-6983-4CDA-8ABA-262F389FBA1F}.Release|Any CPU.Build.0 = Release|Any CPU
	EndGlobalSection
	GlobalSection(SolutionProperties) = preSolution
		HideSolutionNode = FALSE
	EndGlobalSection
	GlobalSection(ExtensibilityGlobals) = postSolution
		SolutionGuid = {A862EDAC-6552-488F-BA70-9776EFE419CD}
	EndGlobalSection
EndGlobal
